
Microsoft Visual Studio Solution File, Format Version 12.00
# Visual Studio Version 16
VisualStudioVersion = 16.0.30907.101
MinimumVisualStudioVersion = 10.0.40219.1
Project("{FAE04EC0-301F-11D3-BF4B-00C04F79EFBC}") = "Encryptions", "Encryptions\Encryptions.csproj", "{10B065E8-C9FB-4F81-841C-A2C6A50CFB02}"
EndProject
Global
	GlobalSection(SolutionConfigurationPlatforms) = preSolution
		Debug|Any CPU = Debug|Any CPU
		Release|Any CPU = Release|Any CPU
	EndGlobalSection
	GlobalSection(ProjectConfigurationPlatforms) = postSolution
		{10B065E8-C9FB-4F81-841C-A2C6A50CFB02}.Debug|Any CPU.ActiveCfg = Debug|Any CPU
		{10B065E8-C9FB-4F81-841C-A2C6A50CFB02}.Debug|Any CPU.Build.0 = Debug|Any CPU
		{10B065E8-C9FB-4F81-841C-A2C6A50CFB02}.Release|Any CPU.ActiveCfg = Release|Any CPU
		{10B065E8-C9FB-4F81-841C-A2C6A50CFB02}.Release|Any CPU.Build.0 = Release|Any CPU
	EndGlobalSection
	GlobalSection(SolutionProperties) = preSolution
		HideSolutionNode = FALSE
	EndGlobalSection
	GlobalSection(ExtensibilityGlobals) = postSolution
		SolutionGuid = {EB8D2A00-37E8-4266-9ABB-2508A3A9B9E2}
	EndGlobalSection
EndGlobal
